{
  "requires": true,
  "lockfileVersion": 1,
  "dependencies": {
    "@date-io/core": {
      "version": "2.8.1",
      "resolved": "https://registry.npmjs.org/@date-io/core/-/core-2.8.1.tgz",
      "integrity": "sha512-hIBXL2dL/a4s7HwPmk5ek4jIpn69o8RUGcWA8AwmK8FHol5QIqI7vY+upnyeQGtuvBzRYevZxjrw8vg+6m4VAw=="
    },
    "@date-io/moment": {
      "version": "2.8.1",
      "resolved": "https://registry.npmjs.org/@date-io/moment/-/moment-2.8.1.tgz",
      "integrity": "sha512-QV4N+njwok80rU5bnqFRmcXqhVSeLDvN893KuJFQuYaNRMpv5kjlq8WgFf39WsPh8T2zjeWuPAJmVlgkiCQSlA==",
      "requires": {
        "@date-io/core": "^2.8.1"
      }
    }
  }
}
